// !$*UTF8*$!
{
	archiveVersion = 1;
	classes = {
	};
	objectVersion = 56;
	objects = {

/* Begin PBXBuildFile section */
		0B3586442ACD2720003BF9AD /* AppDelegate.swift in Sources */ = {isa = PBXBuildFile; fileRef = 0B3586432ACD2720003BF9AD /* AppDelegate.swift */; };
		0B3586462ACD2720003BF9AD /* SceneDelegate.swift in Sources */ = {isa = PBXBuildFile; fileRef = 0B3586452ACD2720003BF9AD /* SceneDelegate.swift */; };
		0B3586482ACD2720003BF9AD /* ViewController.swift in Sources */ = {isa = PBXBuildFile; fileRef = 0B3586472ACD2720003BF9AD /* ViewController.swift */; };
		0B35864B2ACD2720003BF9AD /* Main.storyboard in Resources */ = {isa = PBXBuildFile; fileRef = 0B3586492ACD2720003BF9AD /* Main.storyboard */; };
		0B35864D2ACD2721003BF9AD /* Assets.xcassets in Resources */ = {isa = PBXBuildFile; fileRef = 0B35864C2ACD2721003BF9AD /* Assets.xcassets */; };
		0B3586502ACD2721003BF9AD /* LaunchScreen.storyboard in Resources */ = {isa = PBXBuildFile; fileRef = 0B35864E2ACD2721003BF9AD /* LaunchScreen.storyboard */; };
		0B3586582ACD2A4E003BF9AD /* Shape.swift in Sources */ = {isa = PBXBuildFile; fileRef = 0B3586572ACD2A4E003BF9AD /* Shape.swift */; };
		0B35865A2ACD2A5D003BF9AD /* DrawingView.swift in Sources */ = {isa = PBXBuildFile; fileRef = 0B3586592ACD2A5C003BF9AD /* DrawingView.swift */; };
		0B35865C2ACD2A6F003BF9AD /* DrawingItem.swift in Sources */ = {isa = PBXBuildFile; fileRef = 0B35865B2ACD2A6E003BF9AD /* DrawingItem.swift */; };
		0B35865E2ACD3B1A003BF9AD /* ColorButton.swift in Sources */ = {isa = PBXBuildFile; fileRef = 0B35865D2ACD3B1A003BF9AD /* ColorButton.swift */; };
		0B4FDA612AD07F25003B306E /* SolidShape.swift in Sources */ = {isa = PBXBuildFile; fileRef = 0B4FDA602AD07F25003B306E /* SolidShape.swift */; };
		0B4FDA632AD07F5D003B306E /* OutlineShape.swift in Sources */ = {isa = PBXBuildFile; fileRef = 0B4FDA622AD07F5D003B306E /* OutlineShape.swift */; };
		0B4FDA652AD11A63003B306E /* BezierPath.swift in Sources */ = {isa = PBXBuildFile; fileRef = 0B4FDA642AD11A63003B306E /* BezierPath.swift */; };
/* End PBXBuildFile section */

/* Begin PBXFileReference section */
		0B3586402ACD2720003BF9AD /* RobertoPanora-Lab3.app */ = {isa = PBXFileReference; explicitFileType = wrapper.application; includeInIndex = 0; path = "RobertoPanora-Lab3.app"; sourceTree = BUILT_PRODUCTS_DIR; };
		0B3586432ACD2720003BF9AD /* AppDelegate.swift */ = {isa = PBXFileReference; lastKnownFileType = sourcecode.swift; path = AppDelegate.swift; sourceTree = "<group>"; };
		0B3586452ACD2720003BF9AD /* SceneDelegate.swift */ = {isa = PBXFileReference; lastKnownFileType = sourcecode.swift; path = SceneDelegate.swift; sourceTree = "<group>"; };
		0B3586472ACD2720003BF9AD /* ViewController.swift */ = {isa = PBXFileReference; lastKnownFileType = sourcecode.swift; path = ViewController.swift; sourceTree = "<group>"; };
		0B35864A2ACD2720003BF9AD /* Base */ = {isa = PBXFileReference; lastKnownFileType = file.storyboard; name = Base; path = Base.lproj/Main.storyboard; sourceTree = "<group>"; };
		0B35864C2ACD2721003BF9AD /* Assets.xcassets */ = {isa = PBXFileReference; lastKnownFileType = folder.assetcatalog; path = Assets.xcassets; sourceTree = "<group>"; };
		0B35864F2ACD2721003BF9AD /* Base */ = {isa = PBXFileReference; lastKnownFileType = file.storyboard; name = Base; path = Base.lproj/LaunchScreen.storyboard; sourceTree = "<group>"; };
		0B3586512ACD2721003BF9AD /* Info.plist */ = {isa = PBXFileReference; lastKnownFileType = text.plist.xml; path = Info.plist; sourceTree = "<group>"; };
		0B3586572ACD2A4E003BF9AD /* Shape.swift */ = {isa = PBXFileReference; fileEncoding = 4; lastKnownFileType = sourcecode.swift; path = Shape.swift; sourceTree = "<group>"; };
		0B3586592ACD2A5C003BF9AD /* DrawingView.swift */ = {isa = PBXFileReference; fileEncoding = 4; lastKnownFileType = sourcecode.swift; path = DrawingView.swift; sourceTree = "<group>"; };
		0B35865B2ACD2A6E003BF9AD /* DrawingItem.swift */ = {isa = PBXFileReference; fileEncoding = 4; lastKnownFileType = sourcecode.swift; path = DrawingItem.swift; sourceTree = "<group>"; };
		0B35865D2ACD3B1A003BF9AD /* ColorButton.swift */ = {isa = PBXFileReference; lastKnownFileType = sourcecode.swift; path = ColorButton.swift; sourceTree = "<group>"; };
		0B4FDA602AD07F25003B306E /* SolidShape.swift */ = {isa = PBXFileReference; lastKnownFileType = sourcecode.swift; path = SolidShape.swift; sourceTree = "<group>"; };
		0B4FDA622AD07F5D003B306E /* OutlineShape.swift */ = {isa = PBXFileReference; lastKnownFileType = sourcecode.swift; path = OutlineShape.swift; sourceTree = "<group>"; };
		0B4FDA642AD11A63003B306E /* BezierPath.swift */ = {isa = PBXFileReference; lastKnownFileType = sourcecode.swift; path = BezierPath.swift; sourceTree = "<group>"; };
/* End PBXFileReference section */

/* Begin PBXFrameworksBuildPhase section */
		0B35863D2ACD2720003BF9AD /* Frameworks */ = {
			isa = PBXFrameworksBuildPhase;
			buildActionMask = 2147483647;
			files = (
			);
			runOnlyForDeploymentPostprocessing = 0;
		};
/* End PBXFrameworksBuildPhase section */

/* Begin PBXGroup section */
		0B3586372ACD2720003BF9AD = {
			isa = PBXGroup;
			children = (
				0B3586422ACD2720003BF9AD /* RobertoPanora-Lab3 */,
				0B3586412ACD2720003BF9AD /* Products */,
			);
			sourceTree = "<group>";
		};
		0B3586412ACD2720003BF9AD /* Products */ = {
			isa = PBXGroup;
			children = (
				0B3586402ACD2720003BF9AD /* RobertoPanora-Lab3.app */,
			);
			name = Products;
			sourceTree = "<group>";
		};
		0B3586422ACD2720003BF9AD /* RobertoPanora-Lab3 */ = {
			isa = PBXGroup;
			children = (
				0B3586572ACD2A4E003BF9AD /* Shape.swift */,
				0B3586592ACD2A5C003BF9AD /* DrawingView.swift */,
				0B35865B2ACD2A6E003BF9AD /* DrawingItem.swift */,
				0B3586432ACD2720003BF9AD /* AppDelegate.swift */,
				0B3586452ACD2720003BF9AD /* SceneDelegate.swift */,
				0B3586472ACD2720003BF9AD /* ViewController.swift */,
				0B3586492ACD2720003BF9AD /* Main.storyboard */,
				0B35864C2ACD2721003BF9AD /* Assets.xcassets */,
				0B35864E2ACD2721003BF9AD /* LaunchScreen.storyboard */,
				0B3586512ACD2721003BF9AD /* Info.plist */,
				0B35865D2ACD3B1A003BF9AD /* ColorButton.swift */,
				0B4FDA602AD07F25003B306E /* SolidShape.swift */,
				0B4FDA622AD07F5D003B306E /* OutlineShape.swift */,
				0B4FDA642AD11A63003B306E /* BezierPath.swift */,
			);
			path = "RobertoPanora-Lab3";
			sourceTree = "<group>";
		};
/* End PBXGroup section */

/* Begin PBXNativeTarget section */
		0B35863F2ACD2720003BF9AD /* RobertoPanora-Lab3 */ = {
			isa = PBXNativeTarget;
			buildConfigurationList = 0B3586542ACD2721003BF9AD /* Build configuration list for PBXNativeTarget "RobertoPanora-Lab3" */;
			buildPhases = (
				0B35863C2ACD2720003BF9AD /* Sources */,
				0B35863D2ACD2720003BF9AD /* Frameworks */,
				0B35863E2ACD2720003BF9AD /* Resources */,
			);
			buildRules = (
			);
			dependencies = (
			);
			name = "RobertoPanora-Lab3";
			productName = "RobertoPanora-Lab3";
			productReference = 0B3586402ACD2720003BF9AD /* RobertoPanora-Lab3.app */;
			productType = "com.apple.product-type.application";
		};
/* End PBXNativeTarget section */

/* Begin PBXProject section */
		0B3586382ACD2720003BF9AD /* Project object */ = {
			isa = PBXProject;
			attributes = {
				BuildIndependentTargetsInParallel = 1;
				LastSwiftUpdateCheck = 1430;
				LastUpgradeCheck = 1430;
				TargetAttributes = {
					0B35863F2ACD2720003BF9AD = {
						CreatedOnToolsVersion = 14.3.1;
					};
				};
			};
			buildConfigurationList = 0B35863B2ACD2720003BF9AD /* Build configuration list for PBXProject "RobertoPanora-Lab3" */;
			compatibilityVersion = "Xcode 14.0";
			developmentRegion = en;
			hasScannedForEncodings = 0;
			knownRegions = (
				en,
				Base,
			);
			mainGroup = 0B3586372ACD2720003BF9AD;
			productRefGroup = 0B3586412ACD2720003BF9AD /* Products */;
			projectDirPath = "";
			projectRoot = "";
			targets = (
				0B35863F2ACD2720003BF9AD /* RobertoPanora-Lab3 */,
			);
		};
/* End PBXProject section */

/* Begin PBXResourcesBuildPhase section */
		0B35863E2ACD2720003BF9AD /* Resources */ = {
			isa = PBXResourcesBuildPhase;
			buildActionMask = 2147483647;
			files = (
				0B3586502ACD2721003BF9AD /* LaunchScreen.storyboard in Resources */,
				0B35864D2ACD2721003BF9AD /* Assets.xcassets in Resources */,
				0B35864B2ACD2720003BF9AD /* Main.storyboard in Resources */,
			);
			runOnlyForDeploymentPostprocessing = 0;
		};
/* End PBXResourcesBuildPhase section */

/* Begin PBXSourcesBuildPhase section */
		0B35863C2ACD2720003BF9AD /* Sources */ = {
			isa = PBXSourcesBuildPhase;
			buildActionMask = 2147483647;
			files = (
				0B3586482ACD2720003BF9AD /* ViewController.swift in Sources */,
				0B35865C2ACD2A6F003BF9AD /* DrawingItem.swift in Sources */,
				0B3586442ACD2720003BF9AD /* AppDelegate.swift in Sources */,
				0B4FDA612AD07F25003B306E /* SolidShape.swift in Sources */,
				0B4FDA632AD07F5D003B306E /* OutlineShape.swift in Sources */,
				0B35865E2ACD3B1A003BF9AD /* ColorButton.swift in Sources */,
				0B35865A2ACD2A5D003BF9AD /* DrawingView.swift in Sources */,
				0B4FDA652AD11A63003B306E /* BezierPath.swift in Sources */,
				0B3586462ACD2720003BF9AD /* SceneDelegate.swift in Sources */,
				0B3586582ACD2A4E003BF9AD /* Shape.swift in Sources */,
			);
			runOnlyForDeploymentPostprocessing = 0;
		};
/* End PBXSourcesBuildPhase section */

/* Begin PBXVariantGroup section */
		0B3586492ACD2720003BF9AD /* Main.storyboard */ = {
			isa = PBXVariantGroup;
			children = (
				0B35864A2ACD2720003BF9AD /* Base */,
			);
			name = Main.storyboard;
			sourceTree = "<group>";
		};
		0B35864E2ACD2721003BF9AD /* LaunchScreen.storyboard */ = {
			isa = PBXVariantGroup;
			children = (
				0B35864F2ACD2721003BF9AD /* Base */,
			);
			name = LaunchScreen.storyboard;
			sourceTree = "<group>";
		};
/* End PBXVariantGroup section */

/* Begin XCBuildConfiguration section */
		0B3586522ACD2721003BF9AD /* Debug */ = {
			isa = XCBuildConfiguration;
			buildSettings = {
				ALWAYS_SEARCH_USER_PATHS = NO;
				CLANG_ANALYZER_NONNULL = YES;
				CLANG_ANALYZER_NUMBER_OBJECT_CONVERSION = YES_AGGRESSIVE;
				CLANG_CXX_LANGUAGE_STANDARD = "gnu++20";
				CLANG_ENABLE_MODULES = YES;
				CLANG_ENABLE_OBJC_ARC = YES;
				CLANG_ENABLE_OBJC_WEAK = YES;
				CLANG_WARN_BLOCK_CAPTURE_AUTORELEASING = YES;
				CLANG_WARN_BOOL_CONVERSION = YES;
				CLANG_WARN_COMMA = YES;
				CLANG_WARN_CONSTANT_CONVERSION = YES;
				CLANG_WARN_DEPRECATED_OBJC_IMPLEMENTATIONS = YES;
				CLANG_WARN_DIRECT_OBJC_ISA_USAGE = YES_ERROR;
				CLANG_WARN_DOCUMENTATION_COMMENTS = YES;
				CLANG_WARN_EMPTY_BODY = YES;
				CLANG_WARN_ENUM_CONVERSION = YES;
				CLANG_WARN_INFINITE_RECURSION = YES;
				CLANG_WARN_INT_CONVERSION = YES;
				CLANG_WARN_NON_LITERAL_NULL_CONVERSION = YES;
				CLANG_WARN_OBJC_IMPLICIT_RETAIN_SELF = YES;
				CLANG_WARN_OBJC_LITERAL_CONVERSION = YES;
				CLANG_WARN_OBJC_ROOT_CLASS = YES_ERROR;
				CLANG_WARN_QUOTED_INCLUDE_IN_FRAMEWORK_HEADER = YES;
				CLANG_WARN_RANGE_LOOP_ANALYSIS = YES;
				CLANG_WARN_STRICT_PROTOTYPES = YES;
				CLANG_WARN_SUSPICIOUS_MOVE = YES;
				CLANG_WARN_UNGUARDED_AVAILABILITY = YES_AGGRESSIVE;
				CLANG_WARN_UNREACHABLE_CODE = YES;
				CLANG_WARN__DUPLICATE_METHOD_MATCH = YES;
				COPY_PHASE_STRIP = NO;
				DEBUG_INFORMATION_FORMAT = dwarf;
				ENABLE_STRICT_OBJC_MSGSEND = YES;
				ENABLE_TESTABILITY = YES;
				GCC_C_LANGUAGE_STANDARD = gnu11;
				GCC_DYNAMIC_NO_PIC = NO;
				GCC_NO_COMMON_BLOCKS = YES;
				GCC_OPTIMIZATION_LEVEL = 0;
				GCC_PREPROCESSOR_DEFINITIONS = (
					"DEBUG=1",
					"$(inherited)",
				);
				GCC_WARN_64_TO_32_BIT_CONVERSION = YES;
				GCC_WARN_ABOUT_RETURN_TYPE = YES_ERROR;
				GCC_WARN_UNDECLARED_SELECTOR = YES;
				GCC_WARN_UNINITIALIZED_AUTOS = YES_AGGRESSIVE;
				GCC_WARN_UNUSED_FUNCTION = YES;
				GCC_WARN_UNUSED_VARIABLE = YES;
				IPHONEOS_DEPLOYMENT_TARGET = 16.4;
				MTL_ENABLE_DEBUG_INFO = INCLUDE_SOURCE;
				MTL_FAST_MATH = YES;
				ONLY_ACTIVE_ARCH = YES;
				SDKROOT = iphoneos;
				SWIFT_ACTIVE_COMPILATION_CONDITIONS = DEBUG;
				SWIFT_OPTIMIZATION_LEVEL = "-Onone";
			};
			name = Debug;
		};
		0B3586532ACD2721003BF9AD /* Release */ = {
			isa = XCBuildConfiguration;
			buildSettings = {
				ALWAYS_SEARCH_USER_PATHS = NO;
				CLANG_ANALYZER_NONNULL = YES;
				CLANG_ANALYZER_NUMBER_OBJECT_CONVERSION = YES_AGGRESSIVE;
				CLANG_CXX_LANGUAGE_STANDARD = "gnu++20";
				CLANG_ENABLE_MODULES = YES;
				CLANG_ENABLE_OBJC_ARC = YES;
				CLANG_ENABLE_OBJC_WEAK = YES;
				CLANG_WARN_BLOCK_CAPTURE_AUTORELEASING = YES;
				CLANG_WARN_BOOL_CONVERSION = YES;
				CLANG_WARN_COMMA = YES;
				CLANG_WARN_CONSTANT_CONVERSION = YES;
				CLANG_WARN_DEPRECATED_OBJC_IMPLEMENTATIONS = YES;
				CLANG_WARN_DIRECT_OBJC_ISA_USAGE = YES_ERROR;
				CLANG_WARN_DOCUMENTATION_COMMENTS = YES;
				CLANG_WARN_EMPTY_BODY = YES;
				CLANG_WARN_ENUM_CONVERSION = YES;
				CLANG_WARN_INFINITE_RECURSION = YES;
				CLANG_WARN_INT_CONVERSION = YES;
				CLANG_WARN_NON_LITERAL_NULL_CONVERSION = YES;
				CLANG_WARN_OBJC_IMPLICIT_RETAIN_SELF = YES;
				CLANG_WARN_OBJC_LITERAL_CONVERSION = YES;
				CLANG_WARN_OBJC_ROOT_CLASS = YES_ERROR;
				CLANG_WARN_QUOTED_INCLUDE_IN_FRAMEWORK_HEADER = YES;
				CLANG_WARN_RANGE_LOOP_ANALYSIS = YES;
				CLANG_WARN_STRICT_PROTOTYPES = YES;
				CLANG_WARN_SUSPICIOUS_MOVE = YES;
				CLANG_WARN_UNGUARDED_AVAILABILITY = YES_AGGRESSIVE;
				CLANG_WARN_UNREACHABLE_CODE = YES;
				CLANG_WARN__DUPLICATE_METHOD_MATCH = YES;
				COPY_PHASE_STRIP = NO;
				DEBUG_INFORMATION_FORMAT = "dwarf-with-dsym";
				ENABLE_NS_ASSERTIONS = NO;
				ENABLE_STRICT_OBJC_MSGSEND = YES;
				GCC_C_LANGUAGE_STANDARD = gnu11;
				GCC_NO_COMMON_BLOCKS = YES;
				GCC_WARN_64_TO_32_BIT_CONVERSION = YES;
				GCC_WARN_ABOUT_RETURN_TYPE = YES_ERROR;
				GCC_WARN_UNDECLARED_SELECTOR = YES;
				GCC_WARN_UNINITIALIZED_AUTOS = YES_AGGRESSIVE;
				GCC_WARN_UNUSED_FUNCTION = YES;
				GCC_WARN_UNUSED_VARIABLE = YES;
				IPHONEOS_DEPLOYMENT_TARGET = 16.4;
				MTL_ENABLE_DEBUG_INFO = NO;
				MTL_FAST_MATH = YES;
				SDKROOT = iphoneos;
				SWIFT_COMPILATION_MODE = wholemodule;
				SWIFT_OPTIMIZATION_LEVEL = "-O";
				VALIDATE_PRODUCT = YES;
			};
			name = Release;
		};
		0B3586552ACD2721003BF9AD /* Debug */ = {
			isa = XCBuildConfiguration;
			buildSettings = {
				ASSETCATALOG_COMPILER_APPICON_NAME = AppIcon;
				ASSETCATALOG_COMPILER_GLOBAL_ACCENT_COLOR_NAME = AccentColor;
				CODE_SIGN_STYLE = Automatic;
				CURRENT_PROJECT_VERSION = 1;
				DEVELOPMENT_TEAM = 55TH8852TF;
				GENERATE_INFOPLIST_FILE = YES;
				INFOPLIST_FILE = "RobertoPanora-Lab3/Info.plist";
				INFOPLIST_KEY_UIApplicationSupportsIndirectInputEvents = YES;
				INFOPLIST_KEY_UILaunchStoryboardName = LaunchScreen;
				INFOPLIST_KEY_UIMainStoryboardFile = Main;
				INFOPLIST_KEY_UISupportedInterfaceOrientations_iPad = "UIInterfaceOrientationPortrait UIInterfaceOrientationPortraitUpsideDown UIInterfaceOrientationLandscapeLeft UIInterfaceOrientationLandscapeRight";
				INFOPLIST_KEY_UISupportedInterfaceOrientations_iPhone = "UIInterfaceOrientationPortrait UIInterfaceOrientationLandscapeLeft UIInterfaceOrientationLandscapeRight";
				LD_RUNPATH_SEARCH_PATHS = (
					"$(inherited)",
					"@executable_path/Frameworks",
				);
				MARKETING_VERSION = 1.0;
				PRODUCT_BUNDLE_IDENTIFIER = "edu.wustl.cse438.RobertoPanora-Lab3";
				PRODUCT_NAME = "$(TARGET_NAME)";
				SWIFT_EMIT_LOC_STRINGS = YES;
				SWIFT_VERSION = 5.0;
				TARGETED_DEVICE_FAMILY = "1,2";
			};
			name = Debug;
		};
		0B3586562ACD2721003BF9AD /* Release */ = {
			isa = XCBuildConfiguration;
			buildSettings = {
				ASSETCATALOG_COMPILER_APPICON_NAME = AppIcon;
				ASSETCATALOG_COMPILER_GLOBAL_ACCENT_COLOR_NAME = AccentColor;
				CODE_SIGN_STYLE = Automatic;
				CURRENT_PROJECT_VERSION = 1;
				DEVELOPMENT_TEAM = 55TH8852TF;
				GENERATE_INFOPLIST_FILE = YES;
				INFOPLIST_FILE = "RobertoPanora-Lab3/Info.plist";
				INFOPLIST_KEY_UIApplicationSupportsIndirectInputEvents = YES;
				INFOPLIST_KEY_UILaunchStoryboardName = LaunchScreen;
				INFOPLIST_KEY_UIMainStoryboardFile = Main;
				INFOPLIST_KEY_UISupportedInterfaceOrientations_iPad = "UIInterfaceOrientationPortrait UIInterfaceOrientationPortraitUpsideDown UIInterfaceOrientationLandscapeLeft UIInterfaceOrientationLandscapeRight";
				INFOPLIST_KEY_UISupportedInterfaceOrientations_iPhone = "UIInterfaceOrientationPortrait UIInterfaceOrientationLandscapeLeft UIInterfaceOrientationLandscapeRight";
				LD_RUNPATH_SEARCH_PATHS = (
					"$(inherited)",
					"@executable_path/Frameworks",
				);
				MARKETING_VERSION = 1.0;
				PRODUCT_BUNDLE_IDENTIFIER = "edu.wustl.cse438.RobertoPanora-Lab3";
				PRODUCT_NAME = "$(TARGET_NAME)";
				SWIFT_EMIT_LOC_STRINGS = YES;
				SWIFT_VERSION = 5.0;
				TARGETED_DEVICE_FAMILY = "1,2";
			};
			name = Release;
		};
/* End XCBuildConfiguration section */

/* Begin XCConfigurationList section */
		0B35863B2ACD2720003BF9AD /* Build configuration list for PBXProject "RobertoPanora-Lab3" */ = {
			isa = XCConfigurationList;
			buildConfigurations = (
				0B3586522ACD2721003BF9AD /* Debug */,
				0B3586532ACD2721003BF9AD /* Release */,
			);
			defaultConfigurationIsVisible = 0;
			defaultConfigurationName = Release;
		};
		0B3586542ACD2721003BF9AD /* Build configuration list for PBXNativeTarget "RobertoPanora-Lab3" */ = {
			isa = XCConfigurationList;
			buildConfigurations = (
				0B3586552ACD2721003BF9AD /* Debug */,
				0B3586562ACD2721003BF9AD /* Release */,
			);
			defaultConfigurationIsVisible = 0;
			defaultConfigurationName = Release;
		};
/* End XCConfigurationList section */
	};
	rootObject = 0B3586382ACD2720003BF9AD /* Project object */;
}
